
Microsoft Visual Studio Solution File, Format Version 12.00
# Visual Studio Version 17
VisualStudioVersion = 17.8.34330.188
MinimumVisualStudioVersion = 10.0.40219.1
Project("{FAE04EC0-301F-11D3-BF4B-00C04F79EFBC}") = "SimPitBox.Collector.WpfApp", "PitBox.Client\PitBox.Client.Collector\SimPitBox.Collector.WpfApp\SimPitBox.Collector.WpfApp.csproj", "{450EB56D-4CCD-4B39-83F7-3EC2EF1C69D6}"
EndProject
Project("{2150E333-8FDC-42A3-9474-1A3956D46DE8}") = "PitBox.Client", "PitBox.Client", "{7551463C-DB81-41B5-9D38-4ED7A39D5E82}"
EndProject
Project("{FAE04EC0-301F-11D3-BF4B-00C04F79EFBC}") = "iRacingSdkWrapper", "PitBox.Client\PitBox.Client.Collector\iRacingSdkWrapper\iRacingSdkWrapper.csproj", "{D6DB568B-35B3-49EB-8CB3-E4E5F1424247}"
EndProject
Project("{FAE04EC0-301F-11D3-BF4B-00C04F79EFBC}") = "iRacingSimulator", "PitBox.Client\PitBox.Client.Collector\iRacingSimulator\iRacingSimulator.csproj", "{1765E7DB-BEE4-4324-A396-923D80B61EA0}"
EndProject
Project("{FAE04EC0-301F-11D3-BF4B-00C04F79EFBC}") = "iRSDKSharp", "PitBox.Client\PitBox.Client.Collector\irsdkSharp\iRSDKSharp.csproj", "{72631B85-EB9A-473E-9B4C-65B355A9000D}"
EndProject
Project("{9A19103F-16F7-4668-BE54-9A1E7A4F7556}") = "SimPitBox.Core", "PitBox.Client\PitBox.Client.Collector\SimPitBox.Core\SimPitBox.Core.csproj", "{F851DCA2-5A77-410D-ACF9-590850B39D54}"
EndProject
Project("{FAE04EC0-301F-11D3-BF4B-00C04F79EFBC}") = "SimPitBox.iRacing", "PitBox.Client\PitBox.Client.Collector\SimPitBox.iRacing\SimPitBox.iRacing.csproj", "{7F445549-FAE4-4E10-B489-E6B1A523D260}"
EndProject
Project("{2150E333-8FDC-42A3-9474-1A3956D46DE8}") = "PitBox.Server", "PitBox.Server", "{9B6C01A0-16EC-4B79-A5FC-973A706B1386}"
EndProject
Project("{9A19103F-16F7-4668-BE54-9A1E7A4F7556}") = "PitBox.Core", "PitBox.Core\PitBox.Core.csproj", "{4B590FCB-1A1C-4E4E-B82D-417E7A27B64A}"
EndProject
Global
	GlobalSection(SolutionConfigurationPlatforms) = preSolution
		Debug|Any CPU = Debug|Any CPU
		Debug|x86 = Debug|x86
		Release|Any CPU = Release|Any CPU
		Release|x86 = Release|x86
		Test|Any CPU = Test|Any CPU
		Test|x86 = Test|x86
	EndGlobalSection
	GlobalSection(ProjectConfigurationPlatforms) = postSolution
		{450EB56D-4CCD-4B39-83F7-3EC2EF1C69D6}.Debug|Any CPU.ActiveCfg = Debug|Any CPU
		{450EB56D-4CCD-4B39-83F7-3EC2EF1C69D6}.Debug|Any CPU.Build.0 = Debug|Any CPU
		{450EB56D-4CCD-4B39-83F7-3EC2EF1C69D6}.Debug|x86.ActiveCfg = Debug|x86
		{450EB56D-4CCD-4B39-83F7-3EC2EF1C69D6}.Debug|x86.Build.0 = Debug|x86
		{450EB56D-4CCD-4B39-83F7-3EC2EF1C69D6}.Release|Any CPU.ActiveCfg = Release|Any CPU
		{450EB56D-4CCD-4B39-83F7-3EC2EF1C69D6}.Release|Any CPU.Build.0 = Release|Any CPU
		{450EB56D-4CCD-4B39-83F7-3EC2EF1C69D6}.Release|x86.ActiveCfg = Release|x86
		{450EB56D-4CCD-4B39-83F7-3EC2EF1C69D6}.Release|x86.Build.0 = Release|x86
		{450EB56D-4CCD-4B39-83F7-3EC2EF1C69D6}.Test|Any CPU.ActiveCfg = Test|Any CPU
		{450EB56D-4CCD-4B39-83F7-3EC2EF1C69D6}.Test|Any CPU.Build.0 = Test|Any CPU
		{450EB56D-4CCD-4B39-83F7-3EC2EF1C69D6}.Test|x86.ActiveCfg = Test|x86
		{450EB56D-4CCD-4B39-83F7-3EC2EF1C69D6}.Test|x86.Build.0 = Test|x86
		{D6DB568B-35B3-49EB-8CB3-E4E5F1424247}.Debug|Any CPU.ActiveCfg = Debug|Any CPU
		{D6DB568B-35B3-49EB-8CB3-E4E5F1424247}.Debug|Any CPU.Build.0 = Debug|Any CPU
		{D6DB568B-35B3-49EB-8CB3-E4E5F1424247}.Debug|x86.ActiveCfg = Debug|Any CPU
		{D6DB568B-35B3-49EB-8CB3-E4E5F1424247}.Debug|x86.Build.0 = Debug|Any CPU
		{D6DB568B-35B3-49EB-8CB3-E4E5F1424247}.Release|Any CPU.ActiveCfg = Release|Any CPU
		{D6DB568B-35B3-49EB-8CB3-E4E5F1424247}.Release|Any CPU.Build.0 = Release|Any CPU
		{D6DB568B-35B3-49EB-8CB3-E4E5F1424247}.Release|x86.ActiveCfg = Release|Any CPU
		{D6DB568B-35B3-49EB-8CB3-E4E5F1424247}.Release|x86.Build.0 = Release|Any CPU
		{D6DB568B-35B3-49EB-8CB3-E4E5F1424247}.Test|Any CPU.ActiveCfg = Debug|Any CPU
		{D6DB568B-35B3-49EB-8CB3-E4E5F1424247}.Test|Any CPU.Build.0 = Debug|Any CPU
		{D6DB568B-35B3-49EB-8CB3-E4E5F1424247}.Test|x86.ActiveCfg = Debug|Any CPU
		{D6DB568B-35B3-49EB-8CB3-E4E5F1424247}.Test|x86.Build.0 = Debug|Any CPU
		{1765E7DB-BEE4-4324-A396-923D80B61EA0}.Debug|Any CPU.ActiveCfg = Debug|Any CPU
		{1765E7DB-BEE4-4324-A396-923D80B61EA0}.Debug|Any CPU.Build.0 = Debug|Any CPU
		{1765E7DB-BEE4-4324-A396-923D80B61EA0}.Debug|x86.ActiveCfg = Debug|Any CPU
		{1765E7DB-BEE4-4324-A396-923D80B61EA0}.Debug|x86.Build.0 = Debug|Any CPU
		{1765E7DB-BEE4-4324-A396-923D80B61EA0}.Release|Any CPU.ActiveCfg = Release|Any CPU
		{1765E7DB-BEE4-4324-A396-923D80B61EA0}.Release|Any CPU.Build.0 = Release|Any CPU
		{1765E7DB-BEE4-4324-A396-923D80B61EA0}.Release|x86.ActiveCfg = Release|Any CPU
		{1765E7DB-BEE4-4324-A396-923D80B61EA0}.Release|x86.Build.0 = Release|Any CPU
		{1765E7DB-BEE4-4324-A396-923D80B61EA0}.Test|Any CPU.ActiveCfg = Debug|Any CPU
		{1765E7DB-BEE4-4324-A396-923D80B61EA0}.Test|Any CPU.Build.0 = Debug|Any CPU
		{1765E7DB-BEE4-4324-A396-923D80B61EA0}.Test|x86.ActiveCfg = Debug|Any CPU
		{1765E7DB-BEE4-4324-A396-923D80B61EA0}.Test|x86.Build.0 = Debug|Any CPU
		{72631B85-EB9A-473E-9B4C-65B355A9000D}.Debug|Any CPU.ActiveCfg = Debug|Any CPU
		{72631B85-EB9A-473E-9B4C-65B355A9000D}.Debug|Any CPU.Build.0 = Debug|Any CPU
		{72631B85-EB9A-473E-9B4C-65B355A9000D}.Debug|x86.ActiveCfg = Debug|Any CPU
		{72631B85-EB9A-473E-9B4C-65B355A9000D}.Debug|x86.Build.0 = Debug|Any CPU
		{72631B85-EB9A-473E-9B4C-65B355A9000D}.Release|Any CPU.ActiveCfg = Release|Any CPU
		{72631B85-EB9A-473E-9B4C-65B355A9000D}.Release|Any CPU.Build.0 = Release|Any CPU
		{72631B85-EB9A-473E-9B4C-65B355A9000D}.Release|x86.ActiveCfg = Release|Any CPU
		{72631B85-EB9A-473E-9B4C-65B355A9000D}.Release|x86.Build.0 = Release|Any CPU
		{72631B85-EB9A-473E-9B4C-65B355A9000D}.Test|Any CPU.ActiveCfg = Debug|Any CPU
		{72631B85-EB9A-473E-9B4C-65B355A9000D}.Test|Any CPU.Build.0 = Debug|Any CPU
		{72631B85-EB9A-473E-9B4C-65B355A9000D}.Test|x86.ActiveCfg = Debug|Any CPU
		{72631B85-EB9A-473E-9B4C-65B355A9000D}.Test|x86.Build.0 = Debug|Any CPU
		{F851DCA2-5A77-410D-ACF9-590850B39D54}.Debug|Any CPU.ActiveCfg = Debug|Any CPU
		{F851DCA2-5A77-410D-ACF9-590850B39D54}.Debug|Any CPU.Build.0 = Debug|Any CPU
		{F851DCA2-5A77-410D-ACF9-590850B39D54}.Debug|x86.ActiveCfg = Debug|Any CPU
		{F851DCA2-5A77-410D-ACF9-590850B39D54}.Debug|x86.Build.0 = Debug|Any CPU
		{F851DCA2-5A77-410D-ACF9-590850B39D54}.Release|Any CPU.ActiveCfg = Release|Any CPU
		{F851DCA2-5A77-410D-ACF9-590850B39D54}.Release|Any CPU.Build.0 = Release|Any CPU
		{F851DCA2-5A77-410D-ACF9-590850B39D54}.Release|x86.ActiveCfg = Release|Any CPU
		{F851DCA2-5A77-410D-ACF9-590850B39D54}.Release|x86.Build.0 = Release|Any CPU
		{F851DCA2-5A77-410D-ACF9-590850B39D54}.Test|Any CPU.ActiveCfg = Debug|Any CPU
		{F851DCA2-5A77-410D-ACF9-590850B39D54}.Test|Any CPU.Build.0 = Debug|Any CPU
		{F851DCA2-5A77-410D-ACF9-590850B39D54}.Test|x86.ActiveCfg = Debug|Any CPU
		{F851DCA2-5A77-410D-ACF9-590850B39D54}.Test|x86.Build.0 = Debug|Any CPU
		{7F445549-FAE4-4E10-B489-E6B1A523D260}.Debug|Any CPU.ActiveCfg = Debug|Any CPU
		{7F445549-FAE4-4E10-B489-E6B1A523D260}.Debug|Any CPU.Build.0 = Debug|Any CPU
		{7F445549-FAE4-4E10-B489-E6B1A523D260}.Debug|x86.ActiveCfg = Debug|Any CPU
		{7F445549-FAE4-4E10-B489-E6B1A523D260}.Debug|x86.Build.0 = Debug|Any CPU
		{7F445549-FAE4-4E10-B489-E6B1A523D260}.Release|Any CPU.ActiveCfg = Release|Any CPU
		{7F445549-FAE4-4E10-B489-E6B1A523D260}.Release|Any CPU.Build.0 = Release|Any CPU
		{7F445549-FAE4-4E10-B489-E6B1A523D260}.Release|x86.ActiveCfg = Release|Any CPU
		{7F445549-FAE4-4E10-B489-E6B1A523D260}.Release|x86.Build.0 = Release|Any CPU
		{7F445549-FAE4-4E10-B489-E6B1A523D260}.Test|Any CPU.ActiveCfg = Debug|Any CPU
		{7F445549-FAE4-4E10-B489-E6B1A523D260}.Test|Any CPU.Build.0 = Debug|Any CPU
		{7F445549-FAE4-4E10-B489-E6B1A523D260}.Test|x86.ActiveCfg = Debug|Any CPU
		{7F445549-FAE4-4E10-B489-E6B1A523D260}.Test|x86.Build.0 = Debug|Any CPU
		{4B590FCB-1A1C-4E4E-B82D-417E7A27B64A}.Debug|Any CPU.ActiveCfg = Debug|Any CPU
		{4B590FCB-1A1C-4E4E-B82D-417E7A27B64A}.Debug|Any CPU.Build.0 = Debug|Any CPU
		{4B590FCB-1A1C-4E4E-B82D-417E7A27B64A}.Debug|x86.ActiveCfg = Debug|Any CPU
		{4B590FCB-1A1C-4E4E-B82D-417E7A27B64A}.Debug|x86.Build.0 = Debug|Any CPU
		{4B590FCB-1A1C-4E4E-B82D-417E7A27B64A}.Release|Any CPU.ActiveCfg = Release|Any CPU
		{4B590FCB-1A1C-4E4E-B82D-417E7A27B64A}.Release|Any CPU.Build.0 = Release|Any CPU
		{4B590FCB-1A1C-4E4E-B82D-417E7A27B64A}.Release|x86.ActiveCfg = Release|Any CPU
		{4B590FCB-1A1C-4E4E-B82D-417E7A27B64A}.Release|x86.Build.0 = Release|Any CPU
		{4B590FCB-1A1C-4E4E-B82D-417E7A27B64A}.Test|Any CPU.ActiveCfg = Debug|Any CPU
		{4B590FCB-1A1C-4E4E-B82D-417E7A27B64A}.Test|Any CPU.Build.0 = Debug|Any CPU
		{4B590FCB-1A1C-4E4E-B82D-417E7A27B64A}.Test|x86.ActiveCfg = Debug|Any CPU
		{4B590FCB-1A1C-4E4E-B82D-417E7A27B64A}.Test|x86.Build.0 = Debug|Any CPU
	EndGlobalSection
	GlobalSection(SolutionProperties) = preSolution
		HideSolutionNode = FALSE
	EndGlobalSection
	GlobalSection(NestedProjects) = preSolution
		{450EB56D-4CCD-4B39-83F7-3EC2EF1C69D6} = {7551463C-DB81-41B5-9D38-4ED7A39D5E82}
		{D6DB568B-35B3-49EB-8CB3-E4E5F1424247} = {7551463C-DB81-41B5-9D38-4ED7A39D5E82}
		{1765E7DB-BEE4-4324-A396-923D80B61EA0} = {7551463C-DB81-41B5-9D38-4ED7A39D5E82}
		{72631B85-EB9A-473E-9B4C-65B355A9000D} = {7551463C-DB81-41B5-9D38-4ED7A39D5E82}
		{F851DCA2-5A77-410D-ACF9-590850B39D54} = {7551463C-DB81-41B5-9D38-4ED7A39D5E82}
		{7F445549-FAE4-4E10-B489-E6B1A523D260} = {7551463C-DB81-41B5-9D38-4ED7A39D5E82}
	EndGlobalSection
	GlobalSection(ExtensibilityGlobals) = postSolution
		SolutionGuid = {A5FB692C-A98A-4A56-8278-AFD34543B686}
	EndGlobalSection
EndGlobal
